
Microsoft Visual Studio Solution File, Format Version 12.00
# Visual Studio Version 17
VisualStudioVersion = 17.9.34701.34
MinimumVisualStudioVersion = 10.0.40219.1
Project("{9A19103F-16F7-4668-BE54-9A1E7A4F7556}") = "BussinesLogic", "BussinesLogic\BussinesLogic.csproj", "{1AB7DF0E-A941-4003-8766-6105B646646E}"
EndProject
Project("{9A19103F-16F7-4668-BE54-9A1E7A4F7556}") = "LogicDataAccess", "LogicDataAccess\LogicDataAccess.csproj", "{906AC673-C0D8-4130-84BA-E92988ABB98A}"
EndProject
Project("{9A19103F-16F7-4668-BE54-9A1E7A4F7556}") = "Web", "Web\Web.csproj", "{FD6A0A57-E53F-45BD-B70E-5556F4CD32CD}"
EndProject
Project("{9A19103F-16F7-4668-BE54-9A1E7A4F7556}") = "AppLogic", "AppLogic\AppLogic.csproj", "{39843ED9-A73F-4DA5-B54D-899E50D3FAC6}"
EndProject
Project("{FAE04EC0-301F-11D3-BF4B-00C04F79EFBC}") = "WebApi", "WebApi\WebApi.csproj", "{5B0EFA07-6442-4E88-8BDB-0B6BB411A249}"
EndProject
Global
	GlobalSection(SolutionConfigurationPlatforms) = preSolution
		Debug|Any CPU = Debug|Any CPU
		Release|Any CPU = Release|Any CPU
	EndGlobalSection
	GlobalSection(ProjectConfigurationPlatforms) = postSolution
		{1AB7DF0E-A941-4003-8766-6105B646646E}.Debug|Any CPU.ActiveCfg = Debug|Any CPU
		{1AB7DF0E-A941-4003-8766-6105B646646E}.Debug|Any CPU.Build.0 = Debug|Any CPU
		{1AB7DF0E-A941-4003-8766-6105B646646E}.Release|Any CPU.ActiveCfg = Release|Any CPU
		{1AB7DF0E-A941-4003-8766-6105B646646E}.Release|Any CPU.Build.0 = Release|Any CPU
		{906AC673-C0D8-4130-84BA-E92988ABB98A}.Debug|Any CPU.ActiveCfg = Debug|Any CPU
		{906AC673-C0D8-4130-84BA-E92988ABB98A}.Debug|Any CPU.Build.0 = Debug|Any CPU
		{906AC673-C0D8-4130-84BA-E92988ABB98A}.Release|Any CPU.ActiveCfg = Release|Any CPU
		{906AC673-C0D8-4130-84BA-E92988ABB98A}.Release|Any CPU.Build.0 = Release|Any CPU
		{FD6A0A57-E53F-45BD-B70E-5556F4CD32CD}.Debug|Any CPU.ActiveCfg = Debug|Any CPU
		{FD6A0A57-E53F-45BD-B70E-5556F4CD32CD}.Debug|Any CPU.Build.0 = Debug|Any CPU
		{FD6A0A57-E53F-45BD-B70E-5556F4CD32CD}.Release|Any CPU.ActiveCfg = Release|Any CPU
		{FD6A0A57-E53F-45BD-B70E-5556F4CD32CD}.Release|Any CPU.Build.0 = Release|Any CPU
		{39843ED9-A73F-4DA5-B54D-899E50D3FAC6}.Debug|Any CPU.ActiveCfg = Debug|Any CPU
		{39843ED9-A73F-4DA5-B54D-899E50D3FAC6}.Debug|Any CPU.Build.0 = Debug|Any CPU
		{39843ED9-A73F-4DA5-B54D-899E50D3FAC6}.Release|Any CPU.ActiveCfg = Release|Any CPU
		{39843ED9-A73F-4DA5-B54D-899E50D3FAC6}.Release|Any CPU.Build.0 = Release|Any CPU
		{5B0EFA07-6442-4E88-8BDB-0B6BB411A249}.Debug|Any CPU.ActiveCfg = Debug|Any CPU
		{5B0EFA07-6442-4E88-8BDB-0B6BB411A249}.Debug|Any CPU.Build.0 = Debug|Any CPU
		{5B0EFA07-6442-4E88-8BDB-0B6BB411A249}.Release|Any CPU.ActiveCfg = Release|Any CPU
		{5B0EFA07-6442-4E88-8BDB-0B6BB411A249}.Release|Any CPU.Build.0 = Release|Any CPU
	EndGlobalSection
	GlobalSection(SolutionProperties) = preSolution
		HideSolutionNode = FALSE
	EndGlobalSection
	GlobalSection(ExtensibilityGlobals) = postSolution
		SolutionGuid = {E2034043-BA37-4810-A776-7090249C7F68}
	EndGlobalSection
EndGlobal
